
Microsoft Visual Studio Solution File, Format Version 12.00
# Visual Studio 14
VisualStudioVersion = 14.0.25420.1
MinimumVisualStudioVersion = 10.0.40219.1
Project("{FAE04EC0-301F-11D3-BF4B-00C04F79EFBC}") = "PluralSightBookWebsite", "PluralSightBookWebsite\PluralSightBookWebsite.csproj", "{D772DF12-70D1-4A9F-BECC-2097F82BD706}"
EndProject
Project("{FAE04EC0-301F-11D3-BF4B-00C04F79EFBC}") = "ExampleIdentityWebForms", "ExampleIdentityWebForms\ExampleIdentityWebForms.csproj", "{5B68726C-A37C-4694-B380-5C5E7DA0AC52}"
EndProject
Global
	GlobalSection(SolutionConfigurationPlatforms) = preSolution
		Debug|Any CPU = Debug|Any CPU
		Release|Any CPU = Release|Any CPU
	EndGlobalSection
	GlobalSection(ProjectConfigurationPlatforms) = postSolution
		{D772DF12-70D1-4A9F-BECC-2097F82BD706}.Debug|Any CPU.ActiveCfg = Debug|Any CPU
		{D772DF12-70D1-4A9F-BECC-2097F82BD706}.Debug|Any CPU.Build.0 = Debug|Any CPU
		{D772DF12-70D1-4A9F-BECC-2097F82BD706}.Release|Any CPU.ActiveCfg = Release|Any CPU
		{D772DF12-70D1-4A9F-BECC-2097F82BD706}.Release|Any CPU.Build.0 = Release|Any CPU
		{5B68726C-A37C-4694-B380-5C5E7DA0AC52}.Debug|Any CPU.ActiveCfg = Debug|Any CPU
		{5B68726C-A37C-4694-B380-5C5E7DA0AC52}.Debug|Any CPU.Build.0 = Debug|Any CPU
		{5B68726C-A37C-4694-B380-5C5E7DA0AC52}.Release|Any CPU.ActiveCfg = Release|Any CPU
		{5B68726C-A37C-4694-B380-5C5E7DA0AC52}.Release|Any CPU.Build.0 = Release|Any CPU
	EndGlobalSection
	GlobalSection(SolutionProperties) = preSolution
		HideSolutionNode = FALSE
	EndGlobalSection
EndGlobal
